// !$*UTF8*$!
{
	archiveVersion = 1;
	classes = {
	};
	objectVersion = 46;
	objects = {

/* Begin PBXBuildFile section */
		A6A689561EEC0B32001E3F16 /* AppDelegate.swift in Sources */ = {isa = PBXBuildFile; fileRef = A6A689551EEC0B32001E3F16 /* AppDelegate.swift */; };
		A6A6895B1EEC0B32001E3F16 /* Main.storyboard in Resources */ = {isa = PBXBuildFile; fileRef = A6A689591EEC0B32001E3F16 /* Main.storyboard */; };
		A6A6895E1EEC0B32001E3F16 /* DonationGO2.xcdatamodeld in Sources */ = {isa = PBXBuildFile; fileRef = A6A6895C1EEC0B32001E3F16 /* DonationGO2.xcdatamodeld */; };
		A6A689601EEC0B32001E3F16 /* Assets.xcassets in Resources */ = {isa = PBXBuildFile; fileRef = A6A6895F1EEC0B32001E3F16 /* Assets.xcassets */; };
		A6A689631EEC0B32001E3F16 /* LaunchScreen.storyboard in Resources */ = {isa = PBXBuildFile; fileRef = A6A689611EEC0B32001E3F16 /* LaunchScreen.storyboard */; };
		A6A6896D1EEC1B20001E3F16 /* ActivationViewController.swift in Sources */ = {isa = PBXBuildFile; fileRef = A6A6896C1EEC1B20001E3F16 /* ActivationViewController.swift */; };
		A6A6896F1EEC55EA001E3F16 /* LoginViewController.swift in Sources */ = {isa = PBXBuildFile; fileRef = A6A6896E1EEC55EA001E3F16 /* LoginViewController.swift */; };
		A6A689721EEC58D4001E3F16 /* RocketView.swift in Sources */ = {isa = PBXBuildFile; fileRef = A6A689711EEC58D4001E3F16 /* RocketView.swift */; };
		A6C2475B1EEC5BB000A2B164 /* RocketView.xib in Resources */ = {isa = PBXBuildFile; fileRef = A6C2475A1EEC5BB000A2B164 /* RocketView.xib */; };
		A6C247751EEC5E1E00A2B164 /* Array + Extensions.swift in Sources */ = {isa = PBXBuildFile; fileRef = A6C2475E1EEC5E1E00A2B164 /* Array + Extensions.swift */; };
		A6C247761EEC5E1E00A2B164 /* CGSize + Extensions.swift in Sources */ = {isa = PBXBuildFile; fileRef = A6C2475F1EEC5E1E00A2B164 /* CGSize + Extensions.swift */; };
		A6C247771EEC5E1E00A2B164 /* Data + Extensions.swift in Sources */ = {isa = PBXBuildFile; fileRef = A6C247601EEC5E1E00A2B164 /* Data + Extensions.swift */; };
		A6C247781EEC5E1E00A2B164 /* Date + Extensions.swift in Sources */ = {isa = PBXBuildFile; fileRef = A6C247611EEC5E1E00A2B164 /* Date + Extensions.swift */; };
		A6C247791EEC5E1E00A2B164 /* Decimal + Extensions.swift in Sources */ = {isa = PBXBuildFile; fileRef = A6C247621EEC5E1E00A2B164 /* Decimal + Extensions.swift */; };
		A6C2477A1EEC5E1E00A2B164 /* Double + Extension.swift in Sources */ = {isa = PBXBuildFile; fileRef = A6C247631EEC5E1E00A2B164 /* Double + Extension.swift */; };
		A6C2477B1EEC5E1E00A2B164 /* Error + Extensions.swift in Sources */ = {isa = PBXBuildFile; fileRef = A6C247641EEC5E1E00A2B164 /* Error + Extensions.swift */; };
		A6C2477C1EEC5E1E00A2B164 /* Int + Extension.swift in Sources */ = {isa = PBXBuildFile; fileRef = A6C247651EEC5E1E00A2B164 /* Int + Extension.swift */; };
		A6C2477D1EEC5E1E00A2B164 /* Locale + Extensions.swift in Sources */ = {isa = PBXBuildFile; fileRef = A6C247661EEC5E1E00A2B164 /* Locale + Extensions.swift */; };
		A6C2477E1EEC5E1E00A2B164 /* Notification + Extensions.swift in Sources */ = {isa = PBXBuildFile; fileRef = A6C247671EEC5E1E00A2B164 /* Notification + Extensions.swift */; };
		A6C247801EEC5E1E00A2B164 /* NSObject + Extensions.swift in Sources */ = {isa = PBXBuildFile; fileRef = A6C247691EEC5E1E00A2B164 /* NSObject + Extensions.swift */; };
		A6C247811EEC5E1E00A2B164 /* String + Extensions.swift in Sources */ = {isa = PBXBuildFile; fileRef = A6C2476A1EEC5E1E00A2B164 /* String + Extensions.swift */; };
		A6C247821EEC5E1E00A2B164 /* UIApplication + Extensions.swift in Sources */ = {isa = PBXBuildFile; fileRef = A6C2476B1EEC5E1E00A2B164 /* UIApplication + Extensions.swift */; };
		A6C247831EEC5E1E00A2B164 /* UIColor + Extensions.swift in Sources */ = {isa = PBXBuildFile; fileRef = A6C2476C1EEC5E1E00A2B164 /* UIColor + Extensions.swift */; };
		A6C247841EEC5E1E00A2B164 /* UIDevice + Extension.swift in Sources */ = {isa = PBXBuildFile; fileRef = A6C2476D1EEC5E1E00A2B164 /* UIDevice + Extension.swift */; };
		A6C247851EEC5E1E00A2B164 /* UIImage + Extensions.swift in Sources */ = {isa = PBXBuildFile; fileRef = A6C2476E1EEC5E1E00A2B164 /* UIImage + Extensions.swift */; };
		A6C247861EEC5E1E00A2B164 /* UIRefreshControl + Extensions.swift in Sources */ = {isa = PBXBuildFile; fileRef = A6C2476F1EEC5E1E00A2B164 /* UIRefreshControl + Extensions.swift */; };
		A6C247871EEC5E1E00A2B164 /* UIScreen + Extensions.swift in Sources */ = {isa = PBXBuildFile; fileRef = A6C247701EEC5E1E00A2B164 /* UIScreen + Extensions.swift */; };
		A6C247881EEC5E1E00A2B164 /* UITableViewCell + Extension.swift in Sources */ = {isa = PBXBuildFile; fileRef = A6C247711EEC5E1E00A2B164 /* UITableViewCell + Extension.swift */; };
		A6C247891EEC5E1E00A2B164 /* UIView + Extensions.swift in Sources */ = {isa = PBXBuildFile; fileRef = A6C247721EEC5E1E00A2B164 /* UIView + Extensions.swift */; };
		A6C2478B1EEC5E1E00A2B164 /* UIWindow + Extensions.swift in Sources */ = {isa = PBXBuildFile; fileRef = A6C247741EEC5E1E00A2B164 /* UIWindow + Extensions.swift */; };
		A6C2478E1EEC68A000A2B164 /* MainViewController.swift in Sources */ = {isa = PBXBuildFile; fileRef = A6C2478D1EEC68A000A2B164 /* MainViewController.swift */; };
		A6C247901EEC744700A2B164 /* NearbyViewController.swift in Sources */ = {isa = PBXBuildFile; fileRef = A6C2478F1EEC744700A2B164 /* NearbyViewController.swift */; };
		A6C247931EEC799900A2B164 /* TapBar.swift in Sources */ = {isa = PBXBuildFile; fileRef = A6C247911EEC799900A2B164 /* TapBar.swift */; };
		A6C247941EEC799900A2B164 /* TapBarAction.swift in Sources */ = {isa = PBXBuildFile; fileRef = A6C247921EEC799900A2B164 /* TapBarAction.swift */; };
		A6C247971EEC7AEB00A2B164 /* CampainsAndCausesViewController.swift in Sources */ = {isa = PBXBuildFile; fileRef = A6C247961EEC7AEB00A2B164 /* CampainsAndCausesViewController.swift */; };
		A6C2479A1EEC7F3E00A2B164 /* TableViewCell.swift in Sources */ = {isa = PBXBuildFile; fileRef = A6C247981EEC7F3E00A2B164 /* TableViewCell.swift */; };
		A6C2479B1EEC7F3E00A2B164 /* TableViewCell.xib in Resources */ = {isa = PBXBuildFile; fileRef = A6C247991EEC7F3E00A2B164 /* TableViewCell.xib */; };
		A6C2479E1EEC928200A2B164 /* InformationsViewController.swift in Sources */ = {isa = PBXBuildFile; fileRef = A6C2479D1EEC928200A2B164 /* InformationsViewController.swift */; };
		A6C247A01EECAA2100A2B164 /* BeaonViewController.swift in Sources */ = {isa = PBXBuildFile; fileRef = A6C2479F1EECAA2100A2B164 /* BeaonViewController.swift */; };
		A6E8EAD61EED46C700B35EF8 /* CampainsMapViewController.swift in Sources */ = {isa = PBXBuildFile; fileRef = A6E8EAD51EED46C700B35EF8 /* CampainsMapViewController.swift */; };
		A6E8EAD91EED5E2500B35EF8 /* AchievmentTableViewCell.swift in Sources */ = {isa = PBXBuildFile; fileRef = A6E8EAD71EED5E2500B35EF8 /* AchievmentTableViewCell.swift */; };
		A6E8EADA1EED5E2500B35EF8 /* AchievmentTableViewCell.xib in Resources */ = {isa = PBXBuildFile; fileRef = A6E8EAD81EED5E2500B35EF8 /* AchievmentTableViewCell.xib */; };
		A6E8EADD1EED605C00B35EF8 /* AchievmentViewController.swift in Sources */ = {isa = PBXBuildFile; fileRef = A6E8EADC1EED605C00B35EF8 /* AchievmentViewController.swift */; };
		A6E8EADF1EED691500B35EF8 /* AcceptViewController.swift in Sources */ = {isa = PBXBuildFile; fileRef = A6E8EADE1EED691500B35EF8 /* AcceptViewController.swift */; };
/* End PBXBuildFile section */

/* Begin PBXFileReference section */
		A6A689521EEC0B32001E3F16 /* DonationGO2.app */ = {isa = PBXFileReference; explicitFileType = wrapper.application; includeInIndex = 0; path = DonationGO2.app; sourceTree = BUILT_PRODUCTS_DIR; };
		A6A689551EEC0B32001E3F16 /* AppDelegate.swift */ = {isa = PBXFileReference; lastKnownFileType = sourcecode.swift; path = AppDelegate.swift; sourceTree = "<group>"; };
		A6A6895A1EEC0B32001E3F16 /* Base */ = {isa = PBXFileReference; lastKnownFileType = file.storyboard; name = Base; path = Base.lproj/Main.storyboard; sourceTree = "<group>"; };
		A6A6895D1EEC0B32001E3F16 /* DonationGO2.xcdatamodel */ = {isa = PBXFileReference; lastKnownFileType = wrapper.xcdatamodel; path = DonationGO2.xcdatamodel; sourceTree = "<group>"; };
		A6A6895F1EEC0B32001E3F16 /* Assets.xcassets */ = {isa = PBXFileReference; lastKnownFileType = folder.assetcatalog; path = Assets.xcassets; sourceTree = "<group>"; };
		A6A689621EEC0B32001E3F16 /* Base */ = {isa = PBXFileReference; lastKnownFileType = file.storyboard; name = Base; path = Base.lproj/LaunchScreen.storyboard; sourceTree = "<group>"; };
		A6A689641EEC0B32001E3F16 /* Info.plist */ = {isa = PBXFileReference; lastKnownFileType = text.plist.xml; path = Info.plist; sourceTree = "<group>"; };
		A6A6896C1EEC1B20001E3F16 /* ActivationViewController.swift */ = {isa = PBXFileReference; fileEncoding = 4; lastKnownFileType = sourcecode.swift; name = ActivationViewController.swift; path = ../ActivationViewController.swift; sourceTree = "<group>"; };
		A6A6896E1EEC55EA001E3F16 /* LoginViewController.swift */ = {isa = PBXFileReference; fileEncoding = 4; lastKnownFileType = sourcecode.swift; path = LoginViewController.swift; sourceTree = "<group>"; };
		A6A689711EEC58D4001E3F16 /* RocketView.swift */ = {isa = PBXFileReference; fileEncoding = 4; lastKnownFileType = sourcecode.swift; path = RocketView.swift; sourceTree = "<group>"; };
		A6C2475A1EEC5BB000A2B164 /* RocketView.xib */ = {isa = PBXFileReference; fileEncoding = 4; lastKnownFileType = file.xib; path = RocketView.xib; sourceTree = "<group>"; };
		A6C2475E1EEC5E1E00A2B164 /* Array + Extensions.swift */ = {isa = PBXFileReference; fileEncoding = 4; lastKnownFileType = sourcecode.swift; path = "Array + Extensions.swift"; sourceTree = "<group>"; };
		A6C2475F1EEC5E1E00A2B164 /* CGSize + Extensions.swift */ = {isa = PBXFileReference; fileEncoding = 4; lastKnownFileType = sourcecode.swift; path = "CGSize + Extensions.swift"; sourceTree = "<group>"; };
		A6C247601EEC5E1E00A2B164 /* Data + Extensions.swift */ = {isa = PBXFileReference; fileEncoding = 4; lastKnownFileType = sourcecode.swift; path = "Data + Extensions.swift"; sourceTree = "<group>"; };
		A6C247611EEC5E1E00A2B164 /* Date + Extensions.swift */ = {isa = PBXFileReference; fileEncoding = 4; lastKnownFileType = sourcecode.swift; path = "Date + Extensions.swift"; sourceTree = "<group>"; };
		A6C247621EEC5E1E00A2B164 /* Decimal + Extensions.swift */ = {isa = PBXFileReference; fileEncoding = 4; lastKnownFileType = sourcecode.swift; path = "Decimal + Extensions.swift"; sourceTree = "<group>"; };
		A6C247631EEC5E1E00A2B164 /* Double + Extension.swift */ = {isa = PBXFileReference; fileEncoding = 4; lastKnownFileType = sourcecode.swift; path = "Double + Extension.swift"; sourceTree = "<group>"; };
		A6C247641EEC5E1E00A2B164 /* Error + Extensions.swift */ = {isa = PBXFileReference; fileEncoding = 4; lastKnownFileType = sourcecode.swift; path = "Error + Extensions.swift"; sourceTree = "<group>"; };
		A6C247651EEC5E1E00A2B164 /* Int + Extension.swift */ = {isa = PBXFileReference; fileEncoding = 4; lastKnownFileType = sourcecode.swift; path = "Int + Extension.swift"; sourceTree = "<group>"; };
		A6C247661EEC5E1E00A2B164 /* Locale + Extensions.swift */ = {isa = PBXFileReference; fileEncoding = 4; lastKnownFileType = sourcecode.swift; path = "Locale + Extensions.swift"; sourceTree = "<group>"; };
		A6C247671EEC5E1E00A2B164 /* Notification + Extensions.swift */ = {isa = PBXFileReference; fileEncoding = 4; lastKnownFileType = sourcecode.swift; path = "Notification + Extensions.swift"; sourceTree = "<group>"; };
		A6C247691EEC5E1E00A2B164 /* NSObject + Extensions.swift */ = {isa = PBXFileReference; fileEncoding = 4; lastKnownFileType = sourcecode.swift; path = "NSObject + Extensions.swift"; sourceTree = "<group>"; };
		A6C2476A1EEC5E1E00A2B164 /* String + Extensions.swift */ = {isa = PBXFileReference; fileEncoding = 4; lastKnownFileType = sourcecode.swift; path = "String + Extensions.swift"; sourceTree = "<group>"; };
		A6C2476B1EEC5E1E00A2B164 /* UIApplication + Extensions.swift */ = {isa = PBXFileReference; fileEncoding = 4; lastKnownFileType = sourcecode.swift; path = "UIApplication + Extensions.swift"; sourceTree = "<group>"; };
		A6C2476C1EEC5E1E00A2B164 /* UIColor + Extensions.swift */ = {isa = PBXFileReference; fileEncoding = 4; lastKnownFileType = sourcecode.swift; path = "UIColor + Extensions.swift"; sourceTree = "<group>"; };
		A6C2476D1EEC5E1E00A2B164 /* UIDevice + Extension.swift */ = {isa = PBXFileReference; fileEncoding = 4; lastKnownFileType = sourcecode.swift; path = "UIDevice + Extension.swift"; sourceTree = "<group>"; };
		A6C2476E1EEC5E1E00A2B164 /* UIImage + Extensions.swift */ = {isa = PBXFileReference; fileEncoding = 4; lastKnownFileType = sourcecode.swift; path = "UIImage + Extensions.swift"; sourceTree = "<group>"; };
		A6C2476F1EEC5E1E00A2B164 /* UIRefreshControl + Extensions.swift */ = {isa = PBXFileReference; fileEncoding = 4; lastKnownFileType = sourcecode.swift; path = "UIRefreshControl + Extensions.swift"; sourceTree = "<group>"; };
		A6C247701EEC5E1E00A2B164 /* UIScreen + Extensions.swift */ = {isa = PBXFileReference; fileEncoding = 4; lastKnownFileType = sourcecode.swift; path = "UIScreen + Extensions.swift"; sourceTree = "<group>"; };
		A6C247711EEC5E1E00A2B164 /* UITableViewCell + Extension.swift */ = {isa = PBXFileReference; fileEncoding = 4; lastKnownFileType = sourcecode.swift; path = "UITableViewCell + Extension.swift"; sourceTree = "<group>"; };
		A6C247721EEC5E1E00A2B164 /* UIView + Extensions.swift */ = {isa = PBXFileReference; fileEncoding = 4; lastKnownFileType = sourcecode.swift; path = "UIView + Extensions.swift"; sourceTree = "<group>"; };
		A6C247741EEC5E1E00A2B164 /* UIWindow + Extensions.swift */ = {isa = PBXFileReference; fileEncoding = 4; lastKnownFileType = sourcecode.swift; path = "UIWindow + Extensions.swift"; sourceTree = "<group>"; };
		A6C2478D1EEC68A000A2B164 /* MainViewController.swift */ = {isa = PBXFileReference; fileEncoding = 4; lastKnownFileType = sourcecode.swift; path = MainViewController.swift; sourceTree = "<group>"; };
		A6C2478F1EEC744700A2B164 /* NearbyViewController.swift */ = {isa = PBXFileReference; fileEncoding = 4; lastKnownFileType = sourcecode.swift; path = NearbyViewController.swift; sourceTree = "<group>"; };
		A6C247911EEC799900A2B164 /* TapBar.swift */ = {isa = PBXFileReference; fileEncoding = 4; lastKnownFileType = sourcecode.swift; path = TapBar.swift; sourceTree = "<group>"; };
		A6C247921EEC799900A2B164 /* TapBarAction.swift */ = {isa = PBXFileReference; fileEncoding = 4; lastKnownFileType = sourcecode.swift; path = TapBarAction.swift; sourceTree = "<group>"; };
		A6C247961EEC7AEB00A2B164 /* CampainsAndCausesViewController.swift */ = {isa = PBXFileReference; fileEncoding = 4; lastKnownFileType = sourcecode.swift; path = CampainsAndCausesViewController.swift; sourceTree = "<group>"; };
		A6C247981EEC7F3E00A2B164 /* TableViewCell.swift */ = {isa = PBXFileReference; fileEncoding = 4; lastKnownFileType = sourcecode.swift; path = TableViewCell.swift; sourceTree = "<group>"; };
		A6C247991EEC7F3E00A2B164 /* TableViewCell.xib */ = {isa = PBXFileReference; fileEncoding = 4; lastKnownFileType = file.xib; path = TableViewCell.xib; sourceTree = "<group>"; };
		A6C2479D1EEC928200A2B164 /* InformationsViewController.swift */ = {isa = PBXFileReference; fileEncoding = 4; lastKnownFileType = sourcecode.swift; path = InformationsViewController.swift; sourceTree = "<group>"; };
		A6C2479F1EECAA2100A2B164 /* BeaonViewController.swift */ = {isa = PBXFileReference; fileEncoding = 4; lastKnownFileType = sourcecode.swift; path = BeaonViewController.swift; sourceTree = "<group>"; };
		A6E8EAD51EED46C700B35EF8 /* CampainsMapViewController.swift */ = {isa = PBXFileReference; fileEncoding = 4; lastKnownFileType = sourcecode.swift; path = CampainsMapViewController.swift; sourceTree = "<group>"; };
		A6E8EAD71EED5E2500B35EF8 /* AchievmentTableViewCell.swift */ = {isa = PBXFileReference; fileEncoding = 4; lastKnownFileType = sourcecode.swift; path = AchievmentTableViewCell.swift; sourceTree = "<group>"; };
		A6E8EAD81EED5E2500B35EF8 /* AchievmentTableViewCell.xib */ = {isa = PBXFileReference; fileEncoding = 4; lastKnownFileType = file.xib; path = AchievmentTableViewCell.xib; sourceTree = "<group>"; };
		A6E8EADC1EED605C00B35EF8 /* AchievmentViewController.swift */ = {isa = PBXFileReference; fileEncoding = 4; lastKnownFileType = sourcecode.swift; path = AchievmentViewController.swift; sourceTree = "<group>"; };
		A6E8EADE1EED691500B35EF8 /* AcceptViewController.swift */ = {isa = PBXFileReference; fileEncoding = 4; lastKnownFileType = sourcecode.swift; path = AcceptViewController.swift; sourceTree = "<group>"; };
/* End PBXFileReference section */

/* Begin PBXFrameworksBuildPhase section */
		A6A6894F1EEC0B32001E3F16 /* Frameworks */ = {
			isa = PBXFrameworksBuildPhase;
			buildActionMask = 2147483647;
			files = (
			);
			runOnlyForDeploymentPostprocessing = 0;
		};
/* End PBXFrameworksBuildPhase section */

/* Begin PBXGroup section */
		A6A689491EEC0B32001E3F16 = {
			isa = PBXGroup;
			children = (
				A6A689541EEC0B32001E3F16 /* DonationGO2 */,
				A6A689531EEC0B32001E3F16 /* Products */,
			);
			sourceTree = "<group>";
		};
		A6A689531EEC0B32001E3F16 /* Products */ = {
			isa = PBXGroup;
			children = (
				A6A689521EEC0B32001E3F16 /* DonationGO2.app */,
			);
			name = Products;
			sourceTree = "<group>";
		};
		A6A689541EEC0B32001E3F16 /* DonationGO2 */ = {
			isa = PBXGroup;
			children = (
				A6A689551EEC0B32001E3F16 /* AppDelegate.swift */,
				A6A689591EEC0B32001E3F16 /* Main.storyboard */,
				A6C2478C1EEC5E2300A2B164 /* Extensions */,
				A6A689701EEC58BE001E3F16 /* Controllers */,
				A6C2475C1EEC5BB700A2B164 /* RocketView */,
				A6A6895F1EEC0B32001E3F16 /* Assets.xcassets */,
				A6C2475D1EEC5BC800A2B164 /* Supporting */,
			);
			path = DonationGO2;
			sourceTree = "<group>";
		};
		A6A689701EEC58BE001E3F16 /* Controllers */ = {
			isa = PBXGroup;
			children = (
				A6C2478D1EEC68A000A2B164 /* MainViewController.swift */,
				A6A6896C1EEC1B20001E3F16 /* ActivationViewController.swift */,
				A6A6896E1EEC55EA001E3F16 /* LoginViewController.swift */,
				A6C2478F1EEC744700A2B164 /* NearbyViewController.swift */,
				A6E8EAD51EED46C700B35EF8 /* CampainsMapViewController.swift */,
				A6C247961EEC7AEB00A2B164 /* CampainsAndCausesViewController.swift */,
				A6C2479D1EEC928200A2B164 /* InformationsViewController.swift */,
				A6C2479F1EECAA2100A2B164 /* BeaonViewController.swift */,
				A6E8EADE1EED691500B35EF8 /* AcceptViewController.swift */,
			);
			name = Controllers;
			sourceTree = "<group>";
		};
		A6C2475C1EEC5BB700A2B164 /* RocketView */ = {
			isa = PBXGroup;
			children = (
				A6C2479C1EEC7F7100A2B164 /* Cell */,
				A6C247951EEC799E00A2B164 /* TapBar */,
				A6A689711EEC58D4001E3F16 /* RocketView.swift */,
				A6C2475A1EEC5BB000A2B164 /* RocketView.xib */,
				A6E8EADB1EED5E2900B35EF8 /* AchivCwll */,
			);
			name = RocketView;
			sourceTree = "<group>";
		};
		A6C2475D1EEC5BC800A2B164 /* Supporting */ = {
			isa = PBXGroup;
			children = (
				A6A689611EEC0B32001E3F16 /* LaunchScreen.storyboard */,
				A6A689641EEC0B32001E3F16 /* Info.plist */,
				A6A6895C1EEC0B32001E3F16 /* DonationGO2.xcdatamodeld */,
			);
			name = Supporting;
			sourceTree = "<group>";
		};
		A6C2478C1EEC5E2300A2B164 /* Extensions */ = {
			isa = PBXGroup;
			children = (
				A6C2475E1EEC5E1E00A2B164 /* Array + Extensions.swift */,
				A6C2475F1EEC5E1E00A2B164 /* CGSize + Extensions.swift */,
				A6C247601EEC5E1E00A2B164 /* Data + Extensions.swift */,
				A6C247611EEC5E1E00A2B164 /* Date + Extensions.swift */,
				A6C247621EEC5E1E00A2B164 /* Decimal + Extensions.swift */,
				A6C247631EEC5E1E00A2B164 /* Double + Extension.swift */,
				A6C247641EEC5E1E00A2B164 /* Error + Extensions.swift */,
				A6C247651EEC5E1E00A2B164 /* Int + Extension.swift */,
				A6C247661EEC5E1E00A2B164 /* Locale + Extensions.swift */,
				A6C247671EEC5E1E00A2B164 /* Notification + Extensions.swift */,
				A6C247691EEC5E1E00A2B164 /* NSObject + Extensions.swift */,
				A6C2476A1EEC5E1E00A2B164 /* String + Extensions.swift */,
				A6C2476B1EEC5E1E00A2B164 /* UIApplication + Extensions.swift */,
				A6C2476C1EEC5E1E00A2B164 /* UIColor + Extensions.swift */,
				A6C2476D1EEC5E1E00A2B164 /* UIDevice + Extension.swift */,
				A6C2476E1EEC5E1E00A2B164 /* UIImage + Extensions.swift */,
				A6C2476F1EEC5E1E00A2B164 /* UIRefreshControl + Extensions.swift */,
				A6C247701EEC5E1E00A2B164 /* UIScreen + Extensions.swift */,
				A6C247711EEC5E1E00A2B164 /* UITableViewCell + Extension.swift */,
				A6C247721EEC5E1E00A2B164 /* UIView + Extensions.swift */,
				A6C247741EEC5E1E00A2B164 /* UIWindow + Extensions.swift */,
			);
			name = Extensions;
			sourceTree = "<group>";
		};
		A6C247951EEC799E00A2B164 /* TapBar */ = {
			isa = PBXGroup;
			children = (
				A6C247911EEC799900A2B164 /* TapBar.swift */,
				A6C247921EEC799900A2B164 /* TapBarAction.swift */,
			);
			name = TapBar;
			sourceTree = "<group>";
		};
		A6C2479C1EEC7F7100A2B164 /* Cell */ = {
			isa = PBXGroup;
			children = (
				A6C247981EEC7F3E00A2B164 /* TableViewCell.swift */,
				A6C247991EEC7F3E00A2B164 /* TableViewCell.xib */,
			);
			name = Cell;
			sourceTree = "<group>";
		};
		A6E8EADB1EED5E2900B35EF8 /* AchivCwll */ = {
			isa = PBXGroup;
			children = (
				A6E8EAD71EED5E2500B35EF8 /* AchievmentTableViewCell.swift */,
				A6E8EAD81EED5E2500B35EF8 /* AchievmentTableViewCell.xib */,
				A6E8EADC1EED605C00B35EF8 /* AchievmentViewController.swift */,
			);
			name = AchivCwll;
			sourceTree = "<group>";
		};
/* End PBXGroup section */

/* Begin PBXNativeTarget section */
		A6A689511EEC0B32001E3F16 /* DonationGO2 */ = {
			isa = PBXNativeTarget;
			buildConfigurationList = A6A689671EEC0B32001E3F16 /* Build configuration list for PBXNativeTarget "DonationGO2" */;
			buildPhases = (
				A6A6894E1EEC0B32001E3F16 /* Sources */,
				A6A6894F1EEC0B32001E3F16 /* Frameworks */,
				A6A689501EEC0B32001E3F16 /* Resources */,
			);
			buildRules = (
			);
			dependencies = (
			);
			name = DonationGO2;
			productName = DonationGO2;
			productReference = A6A689521EEC0B32001E3F16 /* DonationGO2.app */;
			productType = "com.apple.product-type.application";
		};
/* End PBXNativeTarget section */

/* Begin PBXProject section */
		A6A6894A1EEC0B32001E3F16 /* Project object */ = {
			isa = PBXProject;
			attributes = {
				LastSwiftUpdateCheck = 0830;
				LastUpgradeCheck = 0830;
				ORGANIZATIONNAME = "Christos Chadjikyriacou";
				TargetAttributes = {
					A6A689511EEC0B32001E3F16 = {
						CreatedOnToolsVersion = 8.3.2;
						DevelopmentTeam = 8TPM8VFLS3;
						ProvisioningStyle = Automatic;
					};
				};
			};
			buildConfigurationList = A6A6894D1EEC0B32001E3F16 /* Build configuration list for PBXProject "DonationGO2" */;
			compatibilityVersion = "Xcode 3.2";
			developmentRegion = English;
			hasScannedForEncodings = 0;
			knownRegions = (
				en,
				Base,
			);
			mainGroup = A6A689491EEC0B32001E3F16;
			productRefGroup = A6A689531EEC0B32001E3F16 /* Products */;
			projectDirPath = "";
			projectRoot = "";
			targets = (
				A6A689511EEC0B32001E3F16 /* DonationGO2 */,
			);
		};
/* End PBXProject section */

/* Begin PBXResourcesBuildPhase section */
		A6A689501EEC0B32001E3F16 /* Resources */ = {
			isa = PBXResourcesBuildPhase;
			buildActionMask = 2147483647;
			files = (
				A6A689631EEC0B32001E3F16 /* LaunchScreen.storyboard in Resources */,
				A6C2479B1EEC7F3E00A2B164 /* TableViewCell.xib in Resources */,
				A6A689601EEC0B32001E3F16 /* Assets.xcassets in Resources */,
				A6C2475B1EEC5BB000A2B164 /* RocketView.xib in Resources */,
				A6A6895B1EEC0B32001E3F16 /* Main.storyboard in Resources */,
				A6E8EADA1EED5E2500B35EF8 /* AchievmentTableViewCell.xib in Resources */,
			);
			runOnlyForDeploymentPostprocessing = 0;
		};
/* End PBXResourcesBuildPhase section */

/* Begin PBXSourcesBuildPhase section */
		A6A6894E1EEC0B32001E3F16 /* Sources */ = {
			isa = PBXSourcesBuildPhase;
			buildActionMask = 2147483647;
			files = (
				A6C2477B1EEC5E1E00A2B164 /* Error + Extensions.swift in Sources */,
				A6C247881EEC5E1E00A2B164 /* UITableViewCell + Extension.swift in Sources */,
				A6E8EADF1EED691500B35EF8 /* AcceptViewController.swift in Sources */,
				A6C247831EEC5E1E00A2B164 /* UIColor + Extensions.swift in Sources */,
				A6A689721EEC58D4001E3F16 /* RocketView.swift in Sources */,
				A6C2477E1EEC5E1E00A2B164 /* Notification + Extensions.swift in Sources */,
				A6C247781EEC5E1E00A2B164 /* Date + Extensions.swift in Sources */,
				A6C247751EEC5E1E00A2B164 /* Array + Extensions.swift in Sources */,
				A6C247891EEC5E1E00A2B164 /* UIView + Extensions.swift in Sources */,
				A6C2477C1EEC5E1E00A2B164 /* Int + Extension.swift in Sources */,
				A6C247901EEC744700A2B164 /* NearbyViewController.swift in Sources */,
				A6C247A01EECAA2100A2B164 /* BeaonViewController.swift in Sources */,
				A6C2477A1EEC5E1E00A2B164 /* Double + Extension.swift in Sources */,
				A6C247941EEC799900A2B164 /* TapBarAction.swift in Sources */,
				A6C247791EEC5E1E00A2B164 /* Decimal + Extensions.swift in Sources */,
				A6A6896F1EEC55EA001E3F16 /* LoginViewController.swift in Sources */,
				A6C247811EEC5E1E00A2B164 /* String + Extensions.swift in Sources */,
				A6C247761EEC5E1E00A2B164 /* CGSize + Extensions.swift in Sources */,
				A6C247801EEC5E1E00A2B164 /* NSObject + Extensions.swift in Sources */,
				A6E8EADD1EED605C00B35EF8 /* AchievmentViewController.swift in Sources */,
				A6C2479A1EEC7F3E00A2B164 /* TableViewCell.swift in Sources */,
				A6A6895E1EEC0B32001E3F16 /* DonationGO2.xcdatamodeld in Sources */,
				A6C247841EEC5E1E00A2B164 /* UIDevice + Extension.swift in Sources */,
				A6C247821EEC5E1E00A2B164 /* UIApplication + Extensions.swift in Sources */,
				A6C2479E1EEC928200A2B164 /* InformationsViewController.swift in Sources */,
				A6E8EAD91EED5E2500B35EF8 /* AchievmentTableViewCell.swift in Sources */,
				A6A689561EEC0B32001E3F16 /* AppDelegate.swift in Sources */,
				A6C247931EEC799900A2B164 /* TapBar.swift in Sources */,
				A6C247971EEC7AEB00A2B164 /* CampainsAndCausesViewController.swift in Sources */,
				A6C247861EEC5E1E00A2B164 /* UIRefreshControl + Extensions.swift in Sources */,
				A6E8EAD61EED46C700B35EF8 /* CampainsMapViewController.swift in Sources */,
				A6C2477D1EEC5E1E00A2B164 /* Locale + Extensions.swift in Sources */,
				A6C2478B1EEC5E1E00A2B164 /* UIWindow + Extensions.swift in Sources */,
				A6C247851EEC5E1E00A2B164 /* UIImage + Extensions.swift in Sources */,
				A6A6896D1EEC1B20001E3F16 /* ActivationViewController.swift in Sources */,
				A6C2478E1EEC68A000A2B164 /* MainViewController.swift in Sources */,
				A6C247771EEC5E1E00A2B164 /* Data + Extensions.swift in Sources */,
				A6C247871EEC5E1E00A2B164 /* UIScreen + Extensions.swift in Sources */,
			);
			runOnlyForDeploymentPostprocessing = 0;
		};
/* End PBXSourcesBuildPhase section */

/* Begin PBXVariantGroup section */
		A6A689591EEC0B32001E3F16 /* Main.storyboard */ = {
			isa = PBXVariantGroup;
			children = (
				A6A6895A1EEC0B32001E3F16 /* Base */,
			);
			name = Main.storyboard;
			sourceTree = "<group>";
		};
		A6A689611EEC0B32001E3F16 /* LaunchScreen.storyboard */ = {
			isa = PBXVariantGroup;
			children = (
				A6A689621EEC0B32001E3F16 /* Base */,
			);
			name = LaunchScreen.storyboard;
			sourceTree = "<group>";
		};
/* End PBXVariantGroup section */

/* Begin XCBuildConfiguration section */
		A6A689651EEC0B32001E3F16 /* Debug */ = {
			isa = XCBuildConfiguration;
			buildSettings = {
				ALWAYS_SEARCH_USER_PATHS = NO;
				CLANG_ANALYZER_NONNULL = YES;
				CLANG_ANALYZER_NUMBER_OBJECT_CONVERSION = YES_AGGRESSIVE;
				CLANG_CXX_LANGUAGE_STANDARD = "gnu++0x";
				CLANG_CXX_LIBRARY = "libc++";
				CLANG_ENABLE_MODULES = YES;
				CLANG_ENABLE_OBJC_ARC = YES;
				CLANG_WARN_BOOL_CONVERSION = YES;
				CLANG_WARN_CONSTANT_CONVERSION = YES;
				CLANG_WARN_DIRECT_OBJC_ISA_USAGE = YES_ERROR;
				CLANG_WARN_DOCUMENTATION_COMMENTS = YES;
				CLANG_WARN_EMPTY_BODY = YES;
				CLANG_WARN_ENUM_CONVERSION = YES;
				CLANG_WARN_INFINITE_RECURSION = YES;
				CLANG_WARN_INT_CONVERSION = YES;
				CLANG_WARN_OBJC_ROOT_CLASS = YES_ERROR;
				CLANG_WARN_SUSPICIOUS_MOVE = YES;
				CLANG_WARN_UNREACHABLE_CODE = YES;
				CLANG_WARN__DUPLICATE_METHOD_MATCH = YES;
				"CODE_SIGN_IDENTITY[sdk=iphoneos*]" = "iPhone Developer";
				COPY_PHASE_STRIP = NO;
				DEBUG_INFORMATION_FORMAT = dwarf;
				ENABLE_STRICT_OBJC_MSGSEND = YES;
				ENABLE_TESTABILITY = YES;
				GCC_C_LANGUAGE_STANDARD = gnu99;
				GCC_DYNAMIC_NO_PIC = NO;
				GCC_NO_COMMON_BLOCKS = YES;
				GCC_OPTIMIZATION_LEVEL = 0;
				GCC_PREPROCESSOR_DEFINITIONS = (
					"DEBUG=1",
					"$(inherited)",
				);
				GCC_WARN_64_TO_32_BIT_CONVERSION = YES;
				GCC_WARN_ABOUT_RETURN_TYPE = YES_ERROR;
				GCC_WARN_UNDECLARED_SELECTOR = YES;
				GCC_WARN_UNINITIALIZED_AUTOS = YES_AGGRESSIVE;
				GCC_WARN_UNUSED_FUNCTION = YES;
				GCC_WARN_UNUSED_VARIABLE = YES;
				IPHONEOS_DEPLOYMENT_TARGET = 10.3;
				MTL_ENABLE_DEBUG_INFO = YES;
				ONLY_ACTIVE_ARCH = YES;
				SDKROOT = iphoneos;
				SWIFT_ACTIVE_COMPILATION_CONDITIONS = DEBUG;
				SWIFT_OPTIMIZATION_LEVEL = "-Onone";
			};
			name = Debug;
		};
		A6A689661EEC0B32001E3F16 /* Release */ = {
			isa = XCBuildConfiguration;
			buildSettings = {
				ALWAYS_SEARCH_USER_PATHS = NO;
				CLANG_ANALYZER_NONNULL = YES;
				CLANG_ANALYZER_NUMBER_OBJECT_CONVERSION = YES_AGGRESSIVE;
				CLANG_CXX_LANGUAGE_STANDARD = "gnu++0x";
				CLANG_CXX_LIBRARY = "libc++";
				CLANG_ENABLE_MODULES = YES;
				CLANG_ENABLE_OBJC_ARC = YES;
				CLANG_WARN_BOOL_CONVERSION = YES;
				CLANG_WARN_CONSTANT_CONVERSION = YES;
				CLANG_WARN_DIRECT_OBJC_ISA_USAGE = YES_ERROR;
				CLANG_WARN_DOCUMENTATION_COMMENTS = YES;
				CLANG_WARN_EMPTY_BODY = YES;
				CLANG_WARN_ENUM_CONVERSION = YES;
				CLANG_WARN_INFINITE_RECURSION = YES;
				CLANG_WARN_INT_CONVERSION = YES;
				CLANG_WARN_OBJC_ROOT_CLASS = YES_ERROR;
				CLANG_WARN_SUSPICIOUS_MOVE = YES;
				CLANG_WARN_UNREACHABLE_CODE = YES;
				CLANG_WARN__DUPLICATE_METHOD_MATCH = YES;
				"CODE_SIGN_IDENTITY[sdk=iphoneos*]" = "iPhone Developer";
				COPY_PHASE_STRIP = NO;
				DEBUG_INFORMATION_FORMAT = "dwarf-with-dsym";
				ENABLE_NS_ASSERTIONS = NO;
				ENABLE_STRICT_OBJC_MSGSEND = YES;
				GCC_C_LANGUAGE_STANDARD = gnu99;
				GCC_NO_COMMON_BLOCKS = YES;
				GCC_WARN_64_TO_32_BIT_CONVERSION = YES;
				GCC_WARN_ABOUT_RETURN_TYPE = YES_ERROR;
				GCC_WARN_UNDECLARED_SELECTOR = YES;
				GCC_WARN_UNINITIALIZED_AUTOS = YES_AGGRESSIVE;
				GCC_WARN_UNUSED_FUNCTION = YES;
				GCC_WARN_UNUSED_VARIABLE = YES;
				IPHONEOS_DEPLOYMENT_TARGET = 10.3;
				MTL_ENABLE_DEBUG_INFO = NO;
				SDKROOT = iphoneos;
				SWIFT_OPTIMIZATION_LEVEL = "-Owholemodule";
				VALIDATE_PRODUCT = YES;
			};
			name = Release;
		};
		A6A689681EEC0B32001E3F16 /* Debug */ = {
			isa = XCBuildConfiguration;
			buildSettings = {
				ASSETCATALOG_COMPILER_APPICON_NAME = AppIcon;
				DEVELOPMENT_TEAM = 8TPM8VFLS3;
				INFOPLIST_FILE = DonationGO2/Info.plist;
				LD_RUNPATH_SEARCH_PATHS = "$(inherited) @executable_path/Frameworks";
				PRODUCT_BUNDLE_IDENTIFIER = christos.chadjikyriacou.DonationGO2;
				PRODUCT_NAME = "$(TARGET_NAME)";
				SWIFT_VERSION = 3.0;
			};
			name = Debug;
		};
		A6A689691EEC0B32001E3F16 /* Release */ = {
			isa = XCBuildConfiguration;
			buildSettings = {
				ASSETCATALOG_COMPILER_APPICON_NAME = AppIcon;
				DEVELOPMENT_TEAM = 8TPM8VFLS3;
				INFOPLIST_FILE = DonationGO2/Info.plist;
				LD_RUNPATH_SEARCH_PATHS = "$(inherited) @executable_path/Frameworks";
				PRODUCT_BUNDLE_IDENTIFIER = christos.chadjikyriacou.DonationGO2;
				PRODUCT_NAME = "$(TARGET_NAME)";
				SWIFT_VERSION = 3.0;
			};
			name = Release;
		};
/* End XCBuildConfiguration section */

/* Begin XCConfigurationList section */
		A6A6894D1EEC0B32001E3F16 /* Build configuration list for PBXProject "DonationGO2" */ = {
			isa = XCConfigurationList;
			buildConfigurations = (
				A6A689651EEC0B32001E3F16 /* Debug */,
				A6A689661EEC0B32001E3F16 /* Release */,
			);
			defaultConfigurationIsVisible = 0;
			defaultConfigurationName = Release;
		};
		A6A689671EEC0B32001E3F16 /* Build configuration list for PBXNativeTarget "DonationGO2" */ = {
			isa = XCConfigurationList;
			buildConfigurations = (
				A6A689681EEC0B32001E3F16 /* Debug */,
				A6A689691EEC0B32001E3F16 /* Release */,
			);
			defaultConfigurationIsVisible = 0;
			defaultConfigurationName = Release;
		};
/* End XCConfigurationList section */

/* Begin XCVersionGroup section */
		A6A6895C1EEC0B32001E3F16 /* DonationGO2.xcdatamodeld */ = {
			isa = XCVersionGroup;
			children = (
				A6A6895D1EEC0B32001E3F16 /* DonationGO2.xcdatamodel */,
			);
			currentVersion = A6A6895D1EEC0B32001E3F16 /* DonationGO2.xcdatamodel */;
			path = DonationGO2.xcdatamodeld;
			sourceTree = "<group>";
			versionGroupType = wrapper.xcdatamodel;
		};
/* End XCVersionGroup section */
	};
	rootObject = A6A6894A1EEC0B32001E3F16 /* Project object */;
}
